
Microsoft Visual Studio Solution File, Format Version 12.00
# Visual Studio Version 17
VisualStudioVersion = 17.4.33403.182
MinimumVisualStudioVersion = 10.0.40219.1
Project("{9A19103F-16F7-4668-BE54-9A1E7A4F7556}") = "BlazorEcommerce.Server", "BlazorEcommerce\Server\BlazorEcommerce.Server.csproj", "{A44CF8B7-BF4A-4FF7-B24A-EF188702205E}"
EndProject
Project("{9A19103F-16F7-4668-BE54-9A1E7A4F7556}") = "BlazorEcommerce.Client", "BlazorEcommerce\Client\BlazorEcommerce.Client.csproj", "{F01CE45D-CF60-49FB-AB4A-7B0C63F26145}"
EndProject
Project("{9A19103F-16F7-4668-BE54-9A1E7A4F7556}") = "BlazorEcommerce.Shared", "BlazorEcommerce\Shared\BlazorEcommerce.Shared.csproj", "{E53E35E0-1B92-4FBB-866D-33B73771CD55}"
EndProject
Global
	GlobalSection(SolutionConfigurationPlatforms) = preSolution
		Debug|Any CPU = Debug|Any CPU
		Release|Any CPU = Release|Any CPU
	EndGlobalSection
	GlobalSection(ProjectConfigurationPlatforms) = postSolution
		{A44CF8B7-BF4A-4FF7-B24A-EF188702205E}.Debug|Any CPU.ActiveCfg = Debug|Any CPU
		{A44CF8B7-BF4A-4FF7-B24A-EF188702205E}.Debug|Any CPU.Build.0 = Debug|Any CPU
		{A44CF8B7-BF4A-4FF7-B24A-EF188702205E}.Release|Any CPU.ActiveCfg = Release|Any CPU
		{A44CF8B7-BF4A-4FF7-B24A-EF188702205E}.Release|Any CPU.Build.0 = Release|Any CPU
		{F01CE45D-CF60-49FB-AB4A-7B0C63F26145}.Debug|Any CPU.ActiveCfg = Debug|Any CPU
		{F01CE45D-CF60-49FB-AB4A-7B0C63F26145}.Debug|Any CPU.Build.0 = Debug|Any CPU
		{F01CE45D-CF60-49FB-AB4A-7B0C63F26145}.Release|Any CPU.ActiveCfg = Release|Any CPU
		{F01CE45D-CF60-49FB-AB4A-7B0C63F26145}.Release|Any CPU.Build.0 = Release|Any CPU
		{E53E35E0-1B92-4FBB-866D-33B73771CD55}.Debug|Any CPU.ActiveCfg = Debug|Any CPU
		{E53E35E0-1B92-4FBB-866D-33B73771CD55}.Debug|Any CPU.Build.0 = Debug|Any CPU
		{E53E35E0-1B92-4FBB-866D-33B73771CD55}.Release|Any CPU.ActiveCfg = Release|Any CPU
		{E53E35E0-1B92-4FBB-866D-33B73771CD55}.Release|Any CPU.Build.0 = Release|Any CPU
	EndGlobalSection
	GlobalSection(SolutionProperties) = preSolution
		HideSolutionNode = FALSE
	EndGlobalSection
	GlobalSection(ExtensibilityGlobals) = postSolution
		SolutionGuid = {F5CFE39F-4B68-43A7-9B83-EFDAE22E6281}
	EndGlobalSection
EndGlobal
